// !$*UTF8*$!
{
	archiveVersion = 1;
	classes = {
	};
	objectVersion = 46;
	objects = {

/* Begin PBXBuildFile section */
		1B31A2D07976E37F9F7A328D /* Pods.framework in Frameworks */ = {isa = PBXBuildFile; fileRef = 218E276A2B393E6C8A7D75F8 /* Pods.framework */; };
		B664426B1C18401D008983B4 /* AppDelegate.swift in Sources */ = {isa = PBXBuildFile; fileRef = B664426A1C18401D008983B4 /* AppDelegate.swift */; };
		B664426D1C18401D008983B4 /* CheckUserViewController.swift in Sources */ = {isa = PBXBuildFile; fileRef = B664426C1C18401D008983B4 /* CheckUserViewController.swift */; };
		B66442701C18401D008983B4 /* Main.storyboard in Resources */ = {isa = PBXBuildFile; fileRef = B664426E1C18401D008983B4 /* Main.storyboard */; };
		B66442721C18401D008983B4 /* Assets.xcassets in Resources */ = {isa = PBXBuildFile; fileRef = B66442711C18401D008983B4 /* Assets.xcassets */; };
		B66442751C18401D008983B4 /* LaunchScreen.storyboard in Resources */ = {isa = PBXBuildFile; fileRef = B66442731C18401D008983B4 /* LaunchScreen.storyboard */; };
		B664427D1C184734008983B4 /* CAGradientLayer+Convenience.swift in Sources */ = {isa = PBXBuildFile; fileRef = B664427C1C184734008983B4 /* CAGradientLayer+Convenience.swift */; };
		B664427F1C184B0D008983B4 /* RegisterPageViewController.swift in Sources */ = {isa = PBXBuildFile; fileRef = B664427E1C184B0D008983B4 /* RegisterPageViewController.swift */; };
		C5173C1C1C2193A2005F5D03 /* TrackListingsTableViewController.swift in Sources */ = {isa = PBXBuildFile; fileRef = C5173C1B1C2193A2005F5D03 /* TrackListingsTableViewController.swift */; };
		C5173C1E1C219400005F5D03 /* TrackListing.swift in Sources */ = {isa = PBXBuildFile; fileRef = C5173C1D1C219400005F5D03 /* TrackListing.swift */; };
		C52483391C6A2A6F00BE8FD5 /* extensions.swift in Sources */ = {isa = PBXBuildFile; fileRef = C52483381C6A2A6F00BE8FD5 /* extensions.swift */; };
		C53693131C7B6CFB00BE1DAE /* AudioToolbox.framework in Frameworks */ = {isa = PBXBuildFile; fileRef = C53693121C7B6CFB00BE1DAE /* AudioToolbox.framework */; };
		C53693151C7B6D0100BE1DAE /* CFNetwork.framework in Frameworks */ = {isa = PBXBuildFile; fileRef = C53693141C7B6D0100BE1DAE /* CFNetwork.framework */; };
		C53693171C7B6D0800BE1DAE /* CoreGraphics.framework in Frameworks */ = {isa = PBXBuildFile; fileRef = C53693161C7B6D0800BE1DAE /* CoreGraphics.framework */; };
		C53693191C7B6D0C00BE1DAE /* CoreLocation.framework in Frameworks */ = {isa = PBXBuildFile; fileRef = C53693181C7B6D0C00BE1DAE /* CoreLocation.framework */; };
		C536931B1C7B6D1100BE1DAE /* QuartzCore.framework in Frameworks */ = {isa = PBXBuildFile; fileRef = C536931A1C7B6D1100BE1DAE /* QuartzCore.framework */; };
		C536931D1C7B6D1900BE1DAE /* Security.framework in Frameworks */ = {isa = PBXBuildFile; fileRef = C536931C1C7B6D1900BE1DAE /* Security.framework */; };
		C536931F1C7B6D1F00BE1DAE /* StoreKit.framework in Frameworks */ = {isa = PBXBuildFile; fileRef = C536931E1C7B6D1F00BE1DAE /* StoreKit.framework */; };
		C53693211C7B6D2700BE1DAE /* SystemConfiguration.framework in Frameworks */ = {isa = PBXBuildFile; fileRef = C53693201C7B6D2700BE1DAE /* SystemConfiguration.framework */; };
		C53693231C7B6D3500BE1DAE /* libz.tbd in Frameworks */ = {isa = PBXBuildFile; fileRef = C53693221C7B6D3500BE1DAE /* libz.tbd */; };
		C53693251C7B6D4700BE1DAE /* libsqlite3.tbd in Frameworks */ = {isa = PBXBuildFile; fileRef = C53693241C7B6D4700BE1DAE /* libsqlite3.tbd */; };
		C53693271C7B6D8D00BE1DAE /* Social.framework in Frameworks */ = {isa = PBXBuildFile; fileRef = C53693261C7B6D8D00BE1DAE /* Social.framework */; };
		C53693291C7B6D9400BE1DAE /* Accounts.framework in Frameworks */ = {isa = PBXBuildFile; fileRef = C53693281C7B6D9400BE1DAE /* Accounts.framework */; };
		C53DB4691C80B06400B17513 /* PlayControls.swift in Sources */ = {isa = PBXBuildFile; fileRef = C53DB4681C80B06400B17513 /* PlayControls.swift */; };
		C53FD1A81C7768F8006472BB /* UserProfileImageCustomSegue.swift in Sources */ = {isa = PBXBuildFile; fileRef = C53FD1A71C7768F8006472BB /* UserProfileImageCustomSegue.swift */; };
		C53FD1AA1C777DCB006472BB /* UserProfileImageUnwindSegue.swift in Sources */ = {isa = PBXBuildFile; fileRef = C53FD1A91C777DCB006472BB /* UserProfileImageUnwindSegue.swift */; };
		C55AE9DF1C749C6D00EB7DDC /* utilityClasses.swift in Sources */ = {isa = PBXBuildFile; fileRef = C55AE9DE1C749C6D00EB7DDC /* utilityClasses.swift */; };
		C56226171C21C06C00EA1F5B /* TrackCell.swift in Sources */ = {isa = PBXBuildFile; fileRef = C56226161C21C06C00EA1F5B /* TrackCell.swift */; };
		C56226191C21C9B900EA1F5B /* PlayScreenViewController.swift in Sources */ = {isa = PBXBuildFile; fileRef = C56226181C21C9B900EA1F5B /* PlayScreenViewController.swift */; };
		C58057D51C6B7BFC00DDABDD /* UserProfileViewController.swift in Sources */ = {isa = PBXBuildFile; fileRef = C58057D41C6B7BFC00DDABDD /* UserProfileViewController.swift */; };
		C59E9B321C47D6B5002709C6 /* PlayScreenCustomSegue.swift in Sources */ = {isa = PBXBuildFile; fileRef = C59E9B311C47D6B5002709C6 /* PlayScreenCustomSegue.swift */; };
		C59E9B341C47D6DC002709C6 /* PlayScreenSegueUnwind.swift in Sources */ = {isa = PBXBuildFile; fileRef = C59E9B331C47D6DC002709C6 /* PlayScreenSegueUnwind.swift */; };
		C5E68C671C887D41002C9106 /* Bolts.framework in Frameworks */ = {isa = PBXBuildFile; fileRef = C57B804C1C885A750089C58A /* Bolts.framework */; };
		C5E68C681C887D41002C9106 /* Parse.framework in Frameworks */ = {isa = PBXBuildFile; fileRef = C57B804D1C885A750089C58A /* Parse.framework */; };
		C5FF4E771C2304E7005E8E65 /* CheckUserRegisterCustomSegue.swift in Sources */ = {isa = PBXBuildFile; fileRef = C5FF4E761C2304E7005E8E65 /* CheckUserRegisterCustomSegue.swift */; };
		C5FF4E791C230DF7005E8E65 /* CheckUserRegisterSegueUnwind.swift in Sources */ = {isa = PBXBuildFile; fileRef = C5FF4E781C230DF7005E8E65 /* CheckUserRegisterSegueUnwind.swift */; };
		C5FF4E7B1C231807005E8E65 /* CheckUserTrackListingsCustomSegue.swift in Sources */ = {isa = PBXBuildFile; fileRef = C5FF4E7A1C231807005E8E65 /* CheckUserTrackListingsCustomSegue.swift */; };
/* End PBXBuildFile section */

/* Begin PBXFileReference section */
		0F3F3A4B8FB1A782801E992B /* Pods.release.xcconfig */ = {isa = PBXFileReference; includeInIndex = 1; lastKnownFileType = text.xcconfig; name = Pods.release.xcconfig; path = "Pods/Target Support Files/Pods/Pods.release.xcconfig"; sourceTree = "<group>"; };
		218E276A2B393E6C8A7D75F8 /* Pods.framework */ = {isa = PBXFileReference; explicitFileType = wrapper.framework; includeInIndex = 0; path = Pods.framework; sourceTree = BUILT_PRODUCTS_DIR; };
		B66442671C18401D008983B4 /* jaak.app */ = {isa = PBXFileReference; explicitFileType = wrapper.application; includeInIndex = 0; path = jaak.app; sourceTree = BUILT_PRODUCTS_DIR; };
		B664426A1C18401D008983B4 /* AppDelegate.swift */ = {isa = PBXFileReference; lastKnownFileType = sourcecode.swift; path = AppDelegate.swift; sourceTree = "<group>"; };
		B664426C1C18401D008983B4 /* CheckUserViewController.swift */ = {isa = PBXFileReference; lastKnownFileType = sourcecode.swift; path = CheckUserViewController.swift; sourceTree = "<group>"; };
		B664426F1C18401D008983B4 /* Base */ = {isa = PBXFileReference; lastKnownFileType = file.storyboard; name = Base; path = Base.lproj/Main.storyboard; sourceTree = "<group>"; };
		B66442711C18401D008983B4 /* Assets.xcassets */ = {isa = PBXFileReference; lastKnownFileType = folder.assetcatalog; path = Assets.xcassets; sourceTree = "<group>"; };
		B66442741C18401D008983B4 /* Base */ = {isa = PBXFileReference; lastKnownFileType = file.storyboard; name = Base; path = Base.lproj/LaunchScreen.storyboard; sourceTree = "<group>"; };
		B66442761C18401D008983B4 /* Info.plist */ = {isa = PBXFileReference; lastKnownFileType = text.plist.xml; path = Info.plist; sourceTree = "<group>"; };
		B664427C1C184734008983B4 /* CAGradientLayer+Convenience.swift */ = {isa = PBXFileReference; fileEncoding = 4; lastKnownFileType = sourcecode.swift; name = "CAGradientLayer+Convenience.swift"; path = "../../UserLogin/UserLogin/CAGradientLayer+Convenience.swift"; sourceTree = "<group>"; };
		B664427E1C184B0D008983B4 /* RegisterPageViewController.swift */ = {isa = PBXFileReference; fileEncoding = 4; lastKnownFileType = sourcecode.swift; path = RegisterPageViewController.swift; sourceTree = "<group>"; };
		C42DEE2E26757D4454A2B134 /* Pods.debug.xcconfig */ = {isa = PBXFileReference; includeInIndex = 1; lastKnownFileType = text.xcconfig; name = Pods.debug.xcconfig; path = "Pods/Target Support Files/Pods/Pods.debug.xcconfig"; sourceTree = "<group>"; };
		C5173C1B1C2193A2005F5D03 /* TrackListingsTableViewController.swift */ = {isa = PBXFileReference; fileEncoding = 4; indentWidth = 4; lastKnownFileType = sourcecode.swift; path = TrackListingsTableViewController.swift; sourceTree = "<group>"; };
		C5173C1D1C219400005F5D03 /* TrackListing.swift */ = {isa = PBXFileReference; fileEncoding = 4; lastKnownFileType = sourcecode.swift; path = TrackListing.swift; sourceTree = "<group>"; };
		C52483381C6A2A6F00BE8FD5 /* extensions.swift */ = {isa = PBXFileReference; fileEncoding = 4; lastKnownFileType = sourcecode.swift; path = extensions.swift; sourceTree = "<group>"; };
		C53693121C7B6CFB00BE1DAE /* AudioToolbox.framework */ = {isa = PBXFileReference; lastKnownFileType = wrapper.framework; name = AudioToolbox.framework; path = System/Library/Frameworks/AudioToolbox.framework; sourceTree = SDKROOT; };
		C53693141C7B6D0100BE1DAE /* CFNetwork.framework */ = {isa = PBXFileReference; lastKnownFileType = wrapper.framework; name = CFNetwork.framework; path = System/Library/Frameworks/CFNetwork.framework; sourceTree = SDKROOT; };
		C53693161C7B6D0800BE1DAE /* CoreGraphics.framework */ = {isa = PBXFileReference; lastKnownFileType = wrapper.framework; name = CoreGraphics.framework; path = System/Library/Frameworks/CoreGraphics.framework; sourceTree = SDKROOT; };
		C53693181C7B6D0C00BE1DAE /* CoreLocation.framework */ = {isa = PBXFileReference; lastKnownFileType = wrapper.framework; name = CoreLocation.framework; path = System/Library/Frameworks/CoreLocation.framework; sourceTree = SDKROOT; };
		C536931A1C7B6D1100BE1DAE /* QuartzCore.framework */ = {isa = PBXFileReference; lastKnownFileType = wrapper.framework; name = QuartzCore.framework; path = System/Library/Frameworks/QuartzCore.framework; sourceTree = SDKROOT; };
		C536931C1C7B6D1900BE1DAE /* Security.framework */ = {isa = PBXFileReference; lastKnownFileType = wrapper.framework; name = Security.framework; path = System/Library/Frameworks/Security.framework; sourceTree = SDKROOT; };
		C536931E1C7B6D1F00BE1DAE /* StoreKit.framework */ = {isa = PBXFileReference; lastKnownFileType = wrapper.framework; name = StoreKit.framework; path = System/Library/Frameworks/StoreKit.framework; sourceTree = SDKROOT; };
		C53693201C7B6D2700BE1DAE /* SystemConfiguration.framework */ = {isa = PBXFileReference; lastKnownFileType = wrapper.framework; name = SystemConfiguration.framework; path = System/Library/Frameworks/SystemConfiguration.framework; sourceTree = SDKROOT; };
		C53693221C7B6D3500BE1DAE /* libz.tbd */ = {isa = PBXFileReference; lastKnownFileType = "sourcecode.text-based-dylib-definition"; name = libz.tbd; path = usr/lib/libz.tbd; sourceTree = SDKROOT; };
		C53693241C7B6D4700BE1DAE /* libsqlite3.tbd */ = {isa = PBXFileReference; lastKnownFileType = "sourcecode.text-based-dylib-definition"; name = libsqlite3.tbd; path = usr/lib/libsqlite3.tbd; sourceTree = SDKROOT; };
		C53693261C7B6D8D00BE1DAE /* Social.framework */ = {isa = PBXFileReference; lastKnownFileType = wrapper.framework; name = Social.framework; path = System/Library/Frameworks/Social.framework; sourceTree = SDKROOT; };
		C53693281C7B6D9400BE1DAE /* Accounts.framework */ = {isa = PBXFileReference; lastKnownFileType = wrapper.framework; name = Accounts.framework; path = System/Library/Frameworks/Accounts.framework; sourceTree = SDKROOT; };
		C53DB4681C80B06400B17513 /* PlayControls.swift */ = {isa = PBXFileReference; fileEncoding = 4; lastKnownFileType = sourcecode.swift; path = PlayControls.swift; sourceTree = "<group>"; };
		C53FD1A71C7768F8006472BB /* UserProfileImageCustomSegue.swift */ = {isa = PBXFileReference; fileEncoding = 4; lastKnownFileType = sourcecode.swift; path = UserProfileImageCustomSegue.swift; sourceTree = "<group>"; };
		C53FD1A91C777DCB006472BB /* UserProfileImageUnwindSegue.swift */ = {isa = PBXFileReference; fileEncoding = 4; lastKnownFileType = sourcecode.swift; path = UserProfileImageUnwindSegue.swift; sourceTree = "<group>"; };
		C55AE9DE1C749C6D00EB7DDC /* utilityClasses.swift */ = {isa = PBXFileReference; fileEncoding = 4; lastKnownFileType = sourcecode.swift; path = utilityClasses.swift; sourceTree = "<group>"; };
		C56226161C21C06C00EA1F5B /* TrackCell.swift */ = {isa = PBXFileReference; fileEncoding = 4; lastKnownFileType = sourcecode.swift; path = TrackCell.swift; sourceTree = "<group>"; };
		C56226181C21C9B900EA1F5B /* PlayScreenViewController.swift */ = {isa = PBXFileReference; fileEncoding = 4; lastKnownFileType = sourcecode.swift; path = PlayScreenViewController.swift; sourceTree = "<group>"; };
		C572CB321C6E3289004E8537 /* jaak.entitlements */ = {isa = PBXFileReference; lastKnownFileType = text.xml; path = jaak.entitlements; sourceTree = "<group>"; };
		C57B804C1C885A750089C58A /* Bolts.framework */ = {isa = PBXFileReference; lastKnownFileType = wrapper.framework; name = Bolts.framework; path = "../../../../Downloads/Parse-iOS/Bolts.framework"; sourceTree = "<group>"; };
		C57B804D1C885A750089C58A /* Parse.framework */ = {isa = PBXFileReference; lastKnownFileType = wrapper.framework; name = Parse.framework; path = "../../../../Downloads/Parse-iOS/Parse.framework"; sourceTree = "<group>"; };
		C58057D41C6B7BFC00DDABDD /* UserProfileViewController.swift */ = {isa = PBXFileReference; fileEncoding = 4; lastKnownFileType = sourcecode.swift; path = UserProfileViewController.swift; sourceTree = "<group>"; };
		C59E9B311C47D6B5002709C6 /* PlayScreenCustomSegue.swift */ = {isa = PBXFileReference; fileEncoding = 4; lastKnownFileType = sourcecode.swift; path = PlayScreenCustomSegue.swift; sourceTree = "<group>"; };
		C59E9B331C47D6DC002709C6 /* PlayScreenSegueUnwind.swift */ = {isa = PBXFileReference; fileEncoding = 4; lastKnownFileType = sourcecode.swift; path = PlayScreenSegueUnwind.swift; sourceTree = "<group>"; };
		C5FF4E761C2304E7005E8E65 /* CheckUserRegisterCustomSegue.swift */ = {isa = PBXFileReference; fileEncoding = 4; lastKnownFileType = sourcecode.swift; name = CheckUserRegisterCustomSegue.swift; path = ../CheckUserRegisterCustomSegue.swift; sourceTree = "<group>"; };
		C5FF4E781C230DF7005E8E65 /* CheckUserRegisterSegueUnwind.swift */ = {isa = PBXFileReference; fileEncoding = 4; lastKnownFileType = sourcecode.swift; path = CheckUserRegisterSegueUnwind.swift; sourceTree = "<group>"; };
		C5FF4E7A1C231807005E8E65 /* CheckUserTrackListingsCustomSegue.swift */ = {isa = PBXFileReference; fileEncoding = 4; lastKnownFileType = sourcecode.swift; path = CheckUserTrackListingsCustomSegue.swift; sourceTree = "<group>"; };
/* End PBXFileReference section */

/* Begin PBXFrameworksBuildPhase section */
		B66442641C18401D008983B4 /* Frameworks */ = {
			isa = PBXFrameworksBuildPhase;
			buildActionMask = 2147483647;
			files = (
				C5E68C671C887D41002C9106 /* Bolts.framework in Frameworks */,
				C5E68C681C887D41002C9106 /* Parse.framework in Frameworks */,
				C53693271C7B6D8D00BE1DAE /* Social.framework in Frameworks */,
				C53693291C7B6D9400BE1DAE /* Accounts.framework in Frameworks */,
				C53693251C7B6D4700BE1DAE /* libsqlite3.tbd in Frameworks */,
				C53693231C7B6D3500BE1DAE /* libz.tbd in Frameworks */,
				C53693211C7B6D2700BE1DAE /* SystemConfiguration.framework in Frameworks */,
				C536931F1C7B6D1F00BE1DAE /* StoreKit.framework in Frameworks */,
				C536931D1C7B6D1900BE1DAE /* Security.framework in Frameworks */,
				C536931B1C7B6D1100BE1DAE /* QuartzCore.framework in Frameworks */,
				C53693191C7B6D0C00BE1DAE /* CoreLocation.framework in Frameworks */,
				C53693171C7B6D0800BE1DAE /* CoreGraphics.framework in Frameworks */,
				C53693151C7B6D0100BE1DAE /* CFNetwork.framework in Frameworks */,
				C53693131C7B6CFB00BE1DAE /* AudioToolbox.framework in Frameworks */,
				1B31A2D07976E37F9F7A328D /* Pods.framework in Frameworks */,
			);
			runOnlyForDeploymentPostprocessing = 0;
		};
/* End PBXFrameworksBuildPhase section */

/* Begin PBXGroup section */
		090A08B9EB3BECB7F450D205 /* Pods */ = {
			isa = PBXGroup;
			children = (
				C42DEE2E26757D4454A2B134 /* Pods.debug.xcconfig */,
				0F3F3A4B8FB1A782801E992B /* Pods.release.xcconfig */,
			);
			name = Pods;
			sourceTree = "<group>";
		};
		0A160BAF8A797E893926A329 /* Frameworks */ = {
			isa = PBXGroup;
			children = (
				C57B804C1C885A750089C58A /* Bolts.framework */,
				C57B804D1C885A750089C58A /* Parse.framework */,
				C53693281C7B6D9400BE1DAE /* Accounts.framework */,
				C53693261C7B6D8D00BE1DAE /* Social.framework */,
				C53693241C7B6D4700BE1DAE /* libsqlite3.tbd */,
				C53693221C7B6D3500BE1DAE /* libz.tbd */,
				C53693201C7B6D2700BE1DAE /* SystemConfiguration.framework */,
				C536931E1C7B6D1F00BE1DAE /* StoreKit.framework */,
				C536931C1C7B6D1900BE1DAE /* Security.framework */,
				C536931A1C7B6D1100BE1DAE /* QuartzCore.framework */,
				C53693181C7B6D0C00BE1DAE /* CoreLocation.framework */,
				C53693161C7B6D0800BE1DAE /* CoreGraphics.framework */,
				C53693141C7B6D0100BE1DAE /* CFNetwork.framework */,
				C53693121C7B6CFB00BE1DAE /* AudioToolbox.framework */,
				218E276A2B393E6C8A7D75F8 /* Pods.framework */,
			);
			name = Frameworks;
			sourceTree = "<group>";
		};
		B664425E1C18401D008983B4 = {
			isa = PBXGroup;
			children = (
				B66442691C18401D008983B4 /* jaak */,
				B66442681C18401D008983B4 /* Products */,
				090A08B9EB3BECB7F450D205 /* Pods */,
				0A160BAF8A797E893926A329 /* Frameworks */,
			);
			sourceTree = "<group>";
		};
		B66442681C18401D008983B4 /* Products */ = {
			isa = PBXGroup;
			children = (
				B66442671C18401D008983B4 /* jaak.app */,
			);
			name = Products;
			sourceTree = "<group>";
		};
		B66442691C18401D008983B4 /* jaak */ = {
			isa = PBXGroup;
			children = (
				C572CB321C6E3289004E8537 /* jaak.entitlements */,
				B664427C1C184734008983B4 /* CAGradientLayer+Convenience.swift */,
				B664426A1C18401D008983B4 /* AppDelegate.swift */,
				C53DB4681C80B06400B17513 /* PlayControls.swift */,
				B664426C1C18401D008983B4 /* CheckUserViewController.swift */,
				B664426E1C18401D008983B4 /* Main.storyboard */,
				C53FD1A91C777DCB006472BB /* UserProfileImageUnwindSegue.swift */,
				C53FD1A71C7768F8006472BB /* UserProfileImageCustomSegue.swift */,
				C59E9B311C47D6B5002709C6 /* PlayScreenCustomSegue.swift */,
				C59E9B331C47D6DC002709C6 /* PlayScreenSegueUnwind.swift */,
				C58057D41C6B7BFC00DDABDD /* UserProfileViewController.swift */,
				C5FF4E7A1C231807005E8E65 /* CheckUserTrackListingsCustomSegue.swift */,
				C5FF4E761C2304E7005E8E65 /* CheckUserRegisterCustomSegue.swift */,
				C5FF4E781C230DF7005E8E65 /* CheckUserRegisterSegueUnwind.swift */,
				C56226181C21C9B900EA1F5B /* PlayScreenViewController.swift */,
				C5173C1D1C219400005F5D03 /* TrackListing.swift */,
				C5173C1B1C2193A2005F5D03 /* TrackListingsTableViewController.swift */,
				C56226161C21C06C00EA1F5B /* TrackCell.swift */,
				C52483381C6A2A6F00BE8FD5 /* extensions.swift */,
				C55AE9DE1C749C6D00EB7DDC /* utilityClasses.swift */,
				B66442711C18401D008983B4 /* Assets.xcassets */,
				B66442731C18401D008983B4 /* LaunchScreen.storyboard */,
				B66442761C18401D008983B4 /* Info.plist */,
				B664427E1C184B0D008983B4 /* RegisterPageViewController.swift */,
			);
			path = jaak;
			sourceTree = "<group>";
		};
/* End PBXGroup section */

/* Begin PBXNativeTarget section */
		B66442661C18401D008983B4 /* jaak */ = {
			isa = PBXNativeTarget;
			buildConfigurationList = B66442791C18401D008983B4 /* Build configuration list for PBXNativeTarget "jaak" */;
			buildPhases = (
				17A7A2C9CDC8C99122641E1D /* Check Pods Manifest.lock */,
				B66442631C18401D008983B4 /* Sources */,
				B66442641C18401D008983B4 /* Frameworks */,
				B66442651C18401D008983B4 /* Resources */,
				A21CC02B07DB4453A7195254 /* Embed Pods Frameworks */,
				31C15CD81A03C1DA73DE83BD /* Copy Pods Resources */,
			);
			buildRules = (
			);
			dependencies = (
			);
			name = jaak;
			productName = jaak;
			productReference = B66442671C18401D008983B4 /* jaak.app */;
			productType = "com.apple.product-type.application";
		};
/* End PBXNativeTarget section */

/* Begin PBXProject section */
		B664425F1C18401D008983B4 /* Project object */ = {
			isa = PBXProject;
			attributes = {
				LastSwiftUpdateCheck = 0710;
				LastUpgradeCheck = 0710;
				ORGANIZATIONNAME = jaak;
				TargetAttributes = {
					B66442661C18401D008983B4 = {
						CreatedOnToolsVersion = 7.1.1;
						DevelopmentTeam = E342JYN4P2;
						SystemCapabilities = {
							com.apple.BackgroundModes = {
								enabled = 1;
							};
							com.apple.WAC = {
								enabled = 0;
							};
						};
					};
				};
			};
			buildConfigurationList = B66442621C18401D008983B4 /* Build configuration list for PBXProject "jaak" */;
			compatibilityVersion = "Xcode 3.2";
			developmentRegion = English;
			hasScannedForEncodings = 0;
			knownRegions = (
				en,
				Base,
			);
			mainGroup = B664425E1C18401D008983B4;
			productRefGroup = B66442681C18401D008983B4 /* Products */;
			projectDirPath = "";
			projectRoot = "";
			targets = (
				B66442661C18401D008983B4 /* jaak */,
			);
		};
/* End PBXProject section */

/* Begin PBXResourcesBuildPhase section */
		B66442651C18401D008983B4 /* Resources */ = {
			isa = PBXResourcesBuildPhase;
			buildActionMask = 2147483647;
			files = (
				B66442751C18401D008983B4 /* LaunchScreen.storyboard in Resources */,
				B66442721C18401D008983B4 /* Assets.xcassets in Resources */,
				B66442701C18401D008983B4 /* Main.storyboard in Resources */,
			);
			runOnlyForDeploymentPostprocessing = 0;
		};
/* End PBXResourcesBuildPhase section */

/* Begin PBXShellScriptBuildPhase section */
		17A7A2C9CDC8C99122641E1D /* Check Pods Manifest.lock */ = {
			isa = PBXShellScriptBuildPhase;
			buildActionMask = 2147483647;
			files = (
			);
			inputPaths = (
			);
			name = "Check Pods Manifest.lock";
			outputPaths = (
			);
			runOnlyForDeploymentPostprocessing = 0;
			shellPath = /bin/sh;
			shellScript = "diff \"${PODS_ROOT}/../Podfile.lock\" \"${PODS_ROOT}/Manifest.lock\" > /dev/null\nif [[ $? != 0 ]] ; then\n    cat << EOM\nerror: The sandbox is not in sync with the Podfile.lock. Run 'pod install' or update your CocoaPods installation.\nEOM\n    exit 1\nfi\n";
			showEnvVarsInLog = 0;
		};
		31C15CD81A03C1DA73DE83BD /* Copy Pods Resources */ = {
			isa = PBXShellScriptBuildPhase;
			buildActionMask = 2147483647;
			files = (
			);
			inputPaths = (
			);
			name = "Copy Pods Resources";
			outputPaths = (
			);
			runOnlyForDeploymentPostprocessing = 0;
			shellPath = /bin/sh;
			shellScript = "\"${SRCROOT}/Pods/Target Support Files/Pods/Pods-resources.sh\"\n";
			showEnvVarsInLog = 0;
		};
		A21CC02B07DB4453A7195254 /* Embed Pods Frameworks */ = {
			isa = PBXShellScriptBuildPhase;
			buildActionMask = 2147483647;
			files = (
			);
			inputPaths = (
			);
			name = "Embed Pods Frameworks";
			outputPaths = (
			);
			runOnlyForDeploymentPostprocessing = 0;
			shellPath = /bin/sh;
			shellScript = "\"${SRCROOT}/Pods/Target Support Files/Pods/Pods-frameworks.sh\"\n";
			showEnvVarsInLog = 0;
		};
/* End PBXShellScriptBuildPhase section */

/* Begin PBXSourcesBuildPhase section */
		B66442631C18401D008983B4 /* Sources */ = {
			isa = PBXSourcesBuildPhase;
			buildActionMask = 2147483647;
			files = (
				C5173C1E1C219400005F5D03 /* TrackListing.swift in Sources */,
				C55AE9DF1C749C6D00EB7DDC /* utilityClasses.swift in Sources */,
				C58057D51C6B7BFC00DDABDD /* UserProfileViewController.swift in Sources */,
				C53FD1A81C7768F8006472BB /* UserProfileImageCustomSegue.swift in Sources */,
				C59E9B341C47D6DC002709C6 /* PlayScreenSegueUnwind.swift in Sources */,
				B664427F1C184B0D008983B4 /* RegisterPageViewController.swift in Sources */,
				C52483391C6A2A6F00BE8FD5 /* extensions.swift in Sources */,
				B664426D1C18401D008983B4 /* CheckUserViewController.swift in Sources */,
				B664426B1C18401D008983B4 /* AppDelegate.swift in Sources */,
				B664427D1C184734008983B4 /* CAGradientLayer+Convenience.swift in Sources */,
				C5FF4E791C230DF7005E8E65 /* CheckUserRegisterSegueUnwind.swift in Sources */,
				C53FD1AA1C777DCB006472BB /* UserProfileImageUnwindSegue.swift in Sources */,
				C53DB4691C80B06400B17513 /* PlayControls.swift in Sources */,
				C59E9B321C47D6B5002709C6 /* PlayScreenCustomSegue.swift in Sources */,
				C56226191C21C9B900EA1F5B /* PlayScreenViewController.swift in Sources */,
				C5FF4E771C2304E7005E8E65 /* CheckUserRegisterCustomSegue.swift in Sources */,
				C5FF4E7B1C231807005E8E65 /* CheckUserTrackListingsCustomSegue.swift in Sources */,
				C5173C1C1C2193A2005F5D03 /* TrackListingsTableViewController.swift in Sources */,
				C56226171C21C06C00EA1F5B /* TrackCell.swift in Sources */,
			);
			runOnlyForDeploymentPostprocessing = 0;
		};
/* End PBXSourcesBuildPhase section */

/* Begin PBXVariantGroup section */
		B664426E1C18401D008983B4 /* Main.storyboard */ = {
			isa = PBXVariantGroup;
			children = (
				B664426F1C18401D008983B4 /* Base */,
			);
			name = Main.storyboard;
			sourceTree = "<group>";
		};
		B66442731C18401D008983B4 /* LaunchScreen.storyboard */ = {
			isa = PBXVariantGroup;
			children = (
				B66442741C18401D008983B4 /* Base */,
			);
			name = LaunchScreen.storyboard;
			sourceTree = "<group>";
		};
/* End PBXVariantGroup section */

/* Begin XCBuildConfiguration section */
		B66442771C18401D008983B4 /* Debug */ = {
			isa = XCBuildConfiguration;
			buildSettings = {
				ALWAYS_SEARCH_USER_PATHS = NO;
				CLANG_CXX_LANGUAGE_STANDARD = "gnu++0x";
				CLANG_CXX_LIBRARY = "libc++";
				CLANG_ENABLE_MODULES = YES;
				CLANG_ENABLE_OBJC_ARC = YES;
				CLANG_WARN_BOOL_CONVERSION = YES;
				CLANG_WARN_CONSTANT_CONVERSION = YES;
				CLANG_WARN_DIRECT_OBJC_ISA_USAGE = YES_ERROR;
				CLANG_WARN_EMPTY_BODY = YES;
				CLANG_WARN_ENUM_CONVERSION = YES;
				CLANG_WARN_INT_CONVERSION = YES;
				CLANG_WARN_OBJC_ROOT_CLASS = YES_ERROR;
				CLANG_WARN_UNREACHABLE_CODE = YES;
				CLANG_WARN__DUPLICATE_METHOD_MATCH = YES;
				"CODE_SIGN_IDENTITY[sdk=iphoneos*]" = "iPhone Developer";
				COPY_PHASE_STRIP = NO;
				DEBUG_INFORMATION_FORMAT = dwarf;
				ENABLE_STRICT_OBJC_MSGSEND = YES;
				ENABLE_TESTABILITY = YES;
				GCC_C_LANGUAGE_STANDARD = gnu99;
				GCC_DYNAMIC_NO_PIC = NO;
				GCC_NO_COMMON_BLOCKS = YES;
				GCC_OPTIMIZATION_LEVEL = 0;
				GCC_PREPROCESSOR_DEFINITIONS = (
					"DEBUG=1",
					"$(inherited)",
				);
				GCC_WARN_64_TO_32_BIT_CONVERSION = YES;
				GCC_WARN_ABOUT_RETURN_TYPE = YES_ERROR;
				GCC_WARN_UNDECLARED_SELECTOR = YES;
				GCC_WARN_UNINITIALIZED_AUTOS = YES_AGGRESSIVE;
				GCC_WARN_UNUSED_FUNCTION = YES;
				GCC_WARN_UNUSED_VARIABLE = YES;
				IPHONEOS_DEPLOYMENT_TARGET = 9.1;
				MTL_ENABLE_DEBUG_INFO = YES;
				ONLY_ACTIVE_ARCH = YES;
				SDKROOT = iphoneos;
				SWIFT_OPTIMIZATION_LEVEL = "-Onone";
			};
			name = Debug;
		};
		B66442781C18401D008983B4 /* Release */ = {
			isa = XCBuildConfiguration;
			buildSettings = {
				ALWAYS_SEARCH_USER_PATHS = NO;
				CLANG_CXX_LANGUAGE_STANDARD = "gnu++0x";
				CLANG_CXX_LIBRARY = "libc++";
				CLANG_ENABLE_MODULES = YES;
				CLANG_ENABLE_OBJC_ARC = YES;
				CLANG_WARN_BOOL_CONVERSION = YES;
				CLANG_WARN_CONSTANT_CONVERSION = YES;
				CLANG_WARN_DIRECT_OBJC_ISA_USAGE = YES_ERROR;
				CLANG_WARN_EMPTY_BODY = YES;
				CLANG_WARN_ENUM_CONVERSION = YES;
				CLANG_WARN_INT_CONVERSION = YES;
				CLANG_WARN_OBJC_ROOT_CLASS = YES_ERROR;
				CLANG_WARN_UNREACHABLE_CODE = YES;
				CLANG_WARN__DUPLICATE_METHOD_MATCH = YES;
				"CODE_SIGN_IDENTITY[sdk=iphoneos*]" = "iPhone Developer";
				COPY_PHASE_STRIP = NO;
				DEBUG_INFORMATION_FORMAT = "dwarf-with-dsym";
				ENABLE_NS_ASSERTIONS = NO;
				ENABLE_STRICT_OBJC_MSGSEND = YES;
				GCC_C_LANGUAGE_STANDARD = gnu99;
				GCC_NO_COMMON_BLOCKS = YES;
				GCC_WARN_64_TO_32_BIT_CONVERSION = YES;
				GCC_WARN_ABOUT_RETURN_TYPE = YES_ERROR;
				GCC_WARN_UNDECLARED_SELECTOR = YES;
				GCC_WARN_UNINITIALIZED_AUTOS = YES_AGGRESSIVE;
				GCC_WARN_UNUSED_FUNCTION = YES;
				GCC_WARN_UNUSED_VARIABLE = YES;
				IPHONEOS_DEPLOYMENT_TARGET = 9.1;
				MTL_ENABLE_DEBUG_INFO = NO;
				SDKROOT = iphoneos;
				VALIDATE_PRODUCT = YES;
			};
			name = Release;
		};
		B664427A1C18401D008983B4 /* Debug */ = {
			isa = XCBuildConfiguration;
			baseConfigurationReference = C42DEE2E26757D4454A2B134 /* Pods.debug.xcconfig */;
			buildSettings = {
				ASSETCATALOG_COMPILER_APPICON_NAME = AppIcon;
				CODE_SIGN_IDENTITY = "iPhone Developer";
				"CODE_SIGN_IDENTITY[sdk=iphoneos*]" = "iPhone Developer";
				FRAMEWORK_SEARCH_PATHS = (
					"$(inherited)",
					"$(PROJECT_DIR)/build/Debug-iphoneos",
				);
				INFOPLIST_FILE = jaak/Info.plist;
				LD_RUNPATH_SEARCH_PATHS = "$(inherited) @executable_path/Frameworks";
				PRODUCT_BUNDLE_IDENTIFIER = jaakmein.com.jaak;
				PRODUCT_NAME = "$(TARGET_NAME)";
				PROVISIONING_PROFILE = "";
			};
			name = Debug;
		};
		B664427B1C18401D008983B4 /* Release */ = {
			isa = XCBuildConfiguration;
			baseConfigurationReference = 0F3F3A4B8FB1A782801E992B /* Pods.release.xcconfig */;
			buildSettings = {
				ASSETCATALOG_COMPILER_APPICON_NAME = AppIcon;
				CODE_SIGN_IDENTITY = "iPhone Developer";
				"CODE_SIGN_IDENTITY[sdk=iphoneos*]" = "iPhone Developer";
				FRAMEWORK_SEARCH_PATHS = (
					"$(inherited)",
					"$(PROJECT_DIR)/build/Debug-iphoneos",
				);
				INFOPLIST_FILE = jaak/Info.plist;
				LD_RUNPATH_SEARCH_PATHS = "$(inherited) @executable_path/Frameworks";
				PRODUCT_BUNDLE_IDENTIFIER = jaakmein.com.jaak;
				PRODUCT_NAME = "$(TARGET_NAME)";
				PROVISIONING_PROFILE = "";
			};
			name = Release;
		};
/* End XCBuildConfiguration section */

/* Begin XCConfigurationList section */
		B66442621C18401D008983B4 /* Build configuration list for PBXProject "jaak" */ = {
			isa = XCConfigurationList;
			buildConfigurations = (
				B66442771C18401D008983B4 /* Debug */,
				B66442781C18401D008983B4 /* Release */,
			);
			defaultConfigurationIsVisible = 0;
			defaultConfigurationName = Release;
		};
		B66442791C18401D008983B4 /* Build configuration list for PBXNativeTarget "jaak" */ = {
			isa = XCConfigurationList;
			buildConfigurations = (
				B664427A1C18401D008983B4 /* Debug */,
				B664427B1C18401D008983B4 /* Release */,
			);
			defaultConfigurationIsVisible = 0;
			defaultConfigurationName = Release;
		};
/* End XCConfigurationList section */
	};
	rootObject = B664425F1C18401D008983B4 /* Project object */;
}
