// !$*UTF8*$!
{
	archiveVersion = 1;
	classes = {
	};
	objectVersion = 46;
	objects = {

/* Begin PBXBuildFile section */
		B66682261C03A39F007A4EFD /* AppDelegate.swift in Sources */ = {isa = PBXBuildFile; fileRef = B66682251C03A39F007A4EFD /* AppDelegate.swift */; };
		B66682281C03A39F007A4EFD /* ViewController.swift in Sources */ = {isa = PBXBuildFile; fileRef = B66682271C03A39F007A4EFD /* ViewController.swift */; };
		B666822B1C03A39F007A4EFD /* Main.storyboard in Resources */ = {isa = PBXBuildFile; fileRef = B66682291C03A39F007A4EFD /* Main.storyboard */; };
		B666822D1C03A39F007A4EFD /* Assets.xcassets in Resources */ = {isa = PBXBuildFile; fileRef = B666822C1C03A39F007A4EFD /* Assets.xcassets */; };
		B66682301C03A39F007A4EFD /* LaunchScreen.storyboard in Resources */ = {isa = PBXBuildFile; fileRef = B666822E1C03A39F007A4EFD /* LaunchScreen.storyboard */; };
		B666823B1C03A39F007A4EFD /* AudioPlayerTests.swift in Sources */ = {isa = PBXBuildFile; fileRef = B666823A1C03A39F007A4EFD /* AudioPlayerTests.swift */; };
		B66682461C03A39F007A4EFD /* AudioPlayerUITests.swift in Sources */ = {isa = PBXBuildFile; fileRef = B66682451C03A39F007A4EFD /* AudioPlayerUITests.swift */; };
		B66682551C03B1F1007A4EFD /* TheReach.mp3 in Resources */ = {isa = PBXBuildFile; fileRef = B66682541C03B1F1007A4EFD /* TheReach.mp3 */; };
		B66682571C03B35F007A4EFD /* AVFoundation.framework in Frameworks */ = {isa = PBXBuildFile; fileRef = B66682561C03B35F007A4EFD /* AVFoundation.framework */; };
/* End PBXBuildFile section */

/* Begin PBXContainerItemProxy section */
		B66682371C03A39F007A4EFD /* PBXContainerItemProxy */ = {
			isa = PBXContainerItemProxy;
			containerPortal = B666821A1C03A39F007A4EFD /* Project object */;
			proxyType = 1;
			remoteGlobalIDString = B66682211C03A39F007A4EFD;
			remoteInfo = AudioPlayer;
		};
		B66682421C03A39F007A4EFD /* PBXContainerItemProxy */ = {
			isa = PBXContainerItemProxy;
			containerPortal = B666821A1C03A39F007A4EFD /* Project object */;
			proxyType = 1;
			remoteGlobalIDString = B66682211C03A39F007A4EFD;
			remoteInfo = AudioPlayer;
		};
/* End PBXContainerItemProxy section */

/* Begin PBXFileReference section */
		B66682221C03A39F007A4EFD /* AudioPlayer.app */ = {isa = PBXFileReference; explicitFileType = wrapper.application; includeInIndex = 0; path = AudioPlayer.app; sourceTree = BUILT_PRODUCTS_DIR; };
		B66682251C03A39F007A4EFD /* AppDelegate.swift */ = {isa = PBXFileReference; lastKnownFileType = sourcecode.swift; path = AppDelegate.swift; sourceTree = "<group>"; };
		B66682271C03A39F007A4EFD /* ViewController.swift */ = {isa = PBXFileReference; lastKnownFileType = sourcecode.swift; path = ViewController.swift; sourceTree = "<group>"; };
		B666822A1C03A39F007A4EFD /* Base */ = {isa = PBXFileReference; lastKnownFileType = file.storyboard; name = Base; path = Base.lproj/Main.storyboard; sourceTree = "<group>"; };
		B666822C1C03A39F007A4EFD /* Assets.xcassets */ = {isa = PBXFileReference; lastKnownFileType = folder.assetcatalog; path = Assets.xcassets; sourceTree = "<group>"; };
		B666822F1C03A39F007A4EFD /* Base */ = {isa = PBXFileReference; lastKnownFileType = file.storyboard; name = Base; path = Base.lproj/LaunchScreen.storyboard; sourceTree = "<group>"; };
		B66682311C03A39F007A4EFD /* Info.plist */ = {isa = PBXFileReference; lastKnownFileType = text.plist.xml; path = Info.plist; sourceTree = "<group>"; };
		B66682361C03A39F007A4EFD /* AudioPlayerTests.xctest */ = {isa = PBXFileReference; explicitFileType = wrapper.cfbundle; includeInIndex = 0; path = AudioPlayerTests.xctest; sourceTree = BUILT_PRODUCTS_DIR; };
		B666823A1C03A39F007A4EFD /* AudioPlayerTests.swift */ = {isa = PBXFileReference; lastKnownFileType = sourcecode.swift; path = AudioPlayerTests.swift; sourceTree = "<group>"; };
		B666823C1C03A39F007A4EFD /* Info.plist */ = {isa = PBXFileReference; lastKnownFileType = text.plist.xml; path = Info.plist; sourceTree = "<group>"; };
		B66682411C03A39F007A4EFD /* AudioPlayerUITests.xctest */ = {isa = PBXFileReference; explicitFileType = wrapper.cfbundle; includeInIndex = 0; path = AudioPlayerUITests.xctest; sourceTree = BUILT_PRODUCTS_DIR; };
		B66682451C03A39F007A4EFD /* AudioPlayerUITests.swift */ = {isa = PBXFileReference; lastKnownFileType = sourcecode.swift; path = AudioPlayerUITests.swift; sourceTree = "<group>"; };
		B66682471C03A39F007A4EFD /* Info.plist */ = {isa = PBXFileReference; lastKnownFileType = text.plist.xml; path = Info.plist; sourceTree = "<group>"; };
		B66682541C03B1F1007A4EFD /* TheReach.mp3 */ = {isa = PBXFileReference; lastKnownFileType = audio.mp3; name = TheReach.mp3; path = "Supporting Files/TheReach.mp3"; sourceTree = "<group>"; };
		B66682561C03B35F007A4EFD /* AVFoundation.framework */ = {isa = PBXFileReference; lastKnownFileType = wrapper.framework; name = AVFoundation.framework; path = System/Library/Frameworks/AVFoundation.framework; sourceTree = SDKROOT; };
/* End PBXFileReference section */

/* Begin PBXFrameworksBuildPhase section */
		B666821F1C03A39F007A4EFD /* Frameworks */ = {
			isa = PBXFrameworksBuildPhase;
			buildActionMask = 2147483647;
			files = (
				B66682571C03B35F007A4EFD /* AVFoundation.framework in Frameworks */,
			);
			runOnlyForDeploymentPostprocessing = 0;
		};
		B66682331C03A39F007A4EFD /* Frameworks */ = {
			isa = PBXFrameworksBuildPhase;
			buildActionMask = 2147483647;
			files = (
			);
			runOnlyForDeploymentPostprocessing = 0;
		};
		B666823E1C03A39F007A4EFD /* Frameworks */ = {
			isa = PBXFrameworksBuildPhase;
			buildActionMask = 2147483647;
			files = (
			);
			runOnlyForDeploymentPostprocessing = 0;
		};
/* End PBXFrameworksBuildPhase section */

/* Begin PBXGroup section */
		B66682191C03A39F007A4EFD = {
			isa = PBXGroup;
			children = (
				B66682561C03B35F007A4EFD /* AVFoundation.framework */,
				B66682241C03A39F007A4EFD /* AudioPlayer */,
				B66682391C03A39F007A4EFD /* AudioPlayerTests */,
				B66682441C03A39F007A4EFD /* AudioPlayerUITests */,
				B66682231C03A39F007A4EFD /* Products */,
			);
			sourceTree = "<group>";
		};
		B66682231C03A39F007A4EFD /* Products */ = {
			isa = PBXGroup;
			children = (
				B66682221C03A39F007A4EFD /* AudioPlayer.app */,
				B66682361C03A39F007A4EFD /* AudioPlayerTests.xctest */,
				B66682411C03A39F007A4EFD /* AudioPlayerUITests.xctest */,
			);
			name = Products;
			sourceTree = "<group>";
		};
		B66682241C03A39F007A4EFD /* AudioPlayer */ = {
			isa = PBXGroup;
			children = (
				B66682251C03A39F007A4EFD /* AppDelegate.swift */,
				B66682271C03A39F007A4EFD /* ViewController.swift */,
				B66682291C03A39F007A4EFD /* Main.storyboard */,
				B666822C1C03A39F007A4EFD /* Assets.xcassets */,
				B666822E1C03A39F007A4EFD /* LaunchScreen.storyboard */,
				B66682311C03A39F007A4EFD /* Info.plist */,
				B66682531C03B1CC007A4EFD /* music */,
			);
			path = AudioPlayer;
			sourceTree = "<group>";
		};
		B66682391C03A39F007A4EFD /* AudioPlayerTests */ = {
			isa = PBXGroup;
			children = (
				B666823A1C03A39F007A4EFD /* AudioPlayerTests.swift */,
				B666823C1C03A39F007A4EFD /* Info.plist */,
			);
			path = AudioPlayerTests;
			sourceTree = "<group>";
		};
		B66682441C03A39F007A4EFD /* AudioPlayerUITests */ = {
			isa = PBXGroup;
			children = (
				B66682451C03A39F007A4EFD /* AudioPlayerUITests.swift */,
				B66682471C03A39F007A4EFD /* Info.plist */,
			);
			path = AudioPlayerUITests;
			sourceTree = "<group>";
		};
		B66682531C03B1CC007A4EFD /* music */ = {
			isa = PBXGroup;
			children = (
				B66682541C03B1F1007A4EFD /* TheReach.mp3 */,
			);
			name = music;
			sourceTree = "<group>";
		};
/* End PBXGroup section */

/* Begin PBXNativeTarget section */
		B66682211C03A39F007A4EFD /* AudioPlayer */ = {
			isa = PBXNativeTarget;
			buildConfigurationList = B666824A1C03A39F007A4EFD /* Build configuration list for PBXNativeTarget "AudioPlayer" */;
			buildPhases = (
				B666821E1C03A39F007A4EFD /* Sources */,
				B666821F1C03A39F007A4EFD /* Frameworks */,
				B66682201C03A39F007A4EFD /* Resources */,
			);
			buildRules = (
			);
			dependencies = (
			);
			name = AudioPlayer;
			productName = AudioPlayer;
			productReference = B66682221C03A39F007A4EFD /* AudioPlayer.app */;
			productType = "com.apple.product-type.application";
		};
		B66682351C03A39F007A4EFD /* AudioPlayerTests */ = {
			isa = PBXNativeTarget;
			buildConfigurationList = B666824D1C03A39F007A4EFD /* Build configuration list for PBXNativeTarget "AudioPlayerTests" */;
			buildPhases = (
				B66682321C03A39F007A4EFD /* Sources */,
				B66682331C03A39F007A4EFD /* Frameworks */,
				B66682341C03A39F007A4EFD /* Resources */,
			);
			buildRules = (
			);
			dependencies = (
				B66682381C03A39F007A4EFD /* PBXTargetDependency */,
			);
			name = AudioPlayerTests;
			productName = AudioPlayerTests;
			productReference = B66682361C03A39F007A4EFD /* AudioPlayerTests.xctest */;
			productType = "com.apple.product-type.bundle.unit-test";
		};
		B66682401C03A39F007A4EFD /* AudioPlayerUITests */ = {
			isa = PBXNativeTarget;
			buildConfigurationList = B66682501C03A39F007A4EFD /* Build configuration list for PBXNativeTarget "AudioPlayerUITests" */;
			buildPhases = (
				B666823D1C03A39F007A4EFD /* Sources */,
				B666823E1C03A39F007A4EFD /* Frameworks */,
				B666823F1C03A39F007A4EFD /* Resources */,
			);
			buildRules = (
			);
			dependencies = (
				B66682431C03A39F007A4EFD /* PBXTargetDependency */,
			);
			name = AudioPlayerUITests;
			productName = AudioPlayerUITests;
			productReference = B66682411C03A39F007A4EFD /* AudioPlayerUITests.xctest */;
			productType = "com.apple.product-type.bundle.ui-testing";
		};
/* End PBXNativeTarget section */

/* Begin PBXProject section */
		B666821A1C03A39F007A4EFD /* Project object */ = {
			isa = PBXProject;
			attributes = {
				LastSwiftUpdateCheck = 0710;
				LastUpgradeCheck = 0710;
				ORGANIZATIONNAME = TibblesScribbles;
				TargetAttributes = {
					B66682211C03A39F007A4EFD = {
						CreatedOnToolsVersion = 7.1;
						DevelopmentTeam = E342JYN4P2;
					};
					B66682351C03A39F007A4EFD = {
						CreatedOnToolsVersion = 7.1;
						TestTargetID = B66682211C03A39F007A4EFD;
					};
					B66682401C03A39F007A4EFD = {
						CreatedOnToolsVersion = 7.1;
						TestTargetID = B66682211C03A39F007A4EFD;
					};
				};
			};
			buildConfigurationList = B666821D1C03A39F007A4EFD /* Build configuration list for PBXProject "AudioPlayer" */;
			compatibilityVersion = "Xcode 3.2";
			developmentRegion = English;
			hasScannedForEncodings = 0;
			knownRegions = (
				en,
				Base,
			);
			mainGroup = B66682191C03A39F007A4EFD;
			productRefGroup = B66682231C03A39F007A4EFD /* Products */;
			projectDirPath = "";
			projectRoot = "";
			targets = (
				B66682211C03A39F007A4EFD /* AudioPlayer */,
				B66682351C03A39F007A4EFD /* AudioPlayerTests */,
				B66682401C03A39F007A4EFD /* AudioPlayerUITests */,
			);
		};
/* End PBXProject section */

/* Begin PBXResourcesBuildPhase section */
		B66682201C03A39F007A4EFD /* Resources */ = {
			isa = PBXResourcesBuildPhase;
			buildActionMask = 2147483647;
			files = (
				B66682301C03A39F007A4EFD /* LaunchScreen.storyboard in Resources */,
				B666822D1C03A39F007A4EFD /* Assets.xcassets in Resources */,
				B66682551C03B1F1007A4EFD /* TheReach.mp3 in Resources */,
				B666822B1C03A39F007A4EFD /* Main.storyboard in Resources */,
			);
			runOnlyForDeploymentPostprocessing = 0;
		};
		B66682341C03A39F007A4EFD /* Resources */ = {
			isa = PBXResourcesBuildPhase;
			buildActionMask = 2147483647;
			files = (
			);
			runOnlyForDeploymentPostprocessing = 0;
		};
		B666823F1C03A39F007A4EFD /* Resources */ = {
			isa = PBXResourcesBuildPhase;
			buildActionMask = 2147483647;
			files = (
			);
			runOnlyForDeploymentPostprocessing = 0;
		};
/* End PBXResourcesBuildPhase section */

/* Begin PBXSourcesBuildPhase section */
		B666821E1C03A39F007A4EFD /* Sources */ = {
			isa = PBXSourcesBuildPhase;
			buildActionMask = 2147483647;
			files = (
				B66682281C03A39F007A4EFD /* ViewController.swift in Sources */,
				B66682261C03A39F007A4EFD /* AppDelegate.swift in Sources */,
			);
			runOnlyForDeploymentPostprocessing = 0;
		};
		B66682321C03A39F007A4EFD /* Sources */ = {
			isa = PBXSourcesBuildPhase;
			buildActionMask = 2147483647;
			files = (
				B666823B1C03A39F007A4EFD /* AudioPlayerTests.swift in Sources */,
			);
			runOnlyForDeploymentPostprocessing = 0;
		};
		B666823D1C03A39F007A4EFD /* Sources */ = {
			isa = PBXSourcesBuildPhase;
			buildActionMask = 2147483647;
			files = (
				B66682461C03A39F007A4EFD /* AudioPlayerUITests.swift in Sources */,
			);
			runOnlyForDeploymentPostprocessing = 0;
		};
/* End PBXSourcesBuildPhase section */

/* Begin PBXTargetDependency section */
		B66682381C03A39F007A4EFD /* PBXTargetDependency */ = {
			isa = PBXTargetDependency;
			target = B66682211C03A39F007A4EFD /* AudioPlayer */;
			targetProxy = B66682371C03A39F007A4EFD /* PBXContainerItemProxy */;
		};
		B66682431C03A39F007A4EFD /* PBXTargetDependency */ = {
			isa = PBXTargetDependency;
			target = B66682211C03A39F007A4EFD /* AudioPlayer */;
			targetProxy = B66682421C03A39F007A4EFD /* PBXContainerItemProxy */;
		};
/* End PBXTargetDependency section */

/* Begin PBXVariantGroup section */
		B66682291C03A39F007A4EFD /* Main.storyboard */ = {
			isa = PBXVariantGroup;
			children = (
				B666822A1C03A39F007A4EFD /* Base */,
			);
			name = Main.storyboard;
			sourceTree = "<group>";
		};
		B666822E1C03A39F007A4EFD /* LaunchScreen.storyboard */ = {
			isa = PBXVariantGroup;
			children = (
				B666822F1C03A39F007A4EFD /* Base */,
			);
			name = LaunchScreen.storyboard;
			sourceTree = "<group>";
		};
/* End PBXVariantGroup section */

/* Begin XCBuildConfiguration section */
		B66682481C03A39F007A4EFD /* Debug */ = {
			isa = XCBuildConfiguration;
			buildSettings = {
				ALWAYS_SEARCH_USER_PATHS = NO;
				CLANG_CXX_LANGUAGE_STANDARD = "gnu++0x";
				CLANG_CXX_LIBRARY = "libc++";
				CLANG_ENABLE_MODULES = YES;
				CLANG_ENABLE_OBJC_ARC = YES;
				CLANG_WARN_BOOL_CONVERSION = YES;
				CLANG_WARN_CONSTANT_CONVERSION = YES;
				CLANG_WARN_DIRECT_OBJC_ISA_USAGE = YES_ERROR;
				CLANG_WARN_EMPTY_BODY = YES;
				CLANG_WARN_ENUM_CONVERSION = YES;
				CLANG_WARN_INT_CONVERSION = YES;
				CLANG_WARN_OBJC_ROOT_CLASS = YES_ERROR;
				CLANG_WARN_UNREACHABLE_CODE = YES;
				CLANG_WARN__DUPLICATE_METHOD_MATCH = YES;
				"CODE_SIGN_IDENTITY[sdk=iphoneos*]" = "iPhone Developer";
				COPY_PHASE_STRIP = NO;
				DEBUG_INFORMATION_FORMAT = dwarf;
				ENABLE_STRICT_OBJC_MSGSEND = YES;
				ENABLE_TESTABILITY = YES;
				GCC_C_LANGUAGE_STANDARD = gnu99;
				GCC_DYNAMIC_NO_PIC = NO;
				GCC_NO_COMMON_BLOCKS = YES;
				GCC_OPTIMIZATION_LEVEL = 0;
				GCC_PREPROCESSOR_DEFINITIONS = (
					"DEBUG=1",
					"$(inherited)",
				);
				GCC_WARN_64_TO_32_BIT_CONVERSION = YES;
				GCC_WARN_ABOUT_RETURN_TYPE = YES_ERROR;
				GCC_WARN_UNDECLARED_SELECTOR = YES;
				GCC_WARN_UNINITIALIZED_AUTOS = YES_AGGRESSIVE;
				GCC_WARN_UNUSED_FUNCTION = YES;
				GCC_WARN_UNUSED_VARIABLE = YES;
				IPHONEOS_DEPLOYMENT_TARGET = 9.1;
				MTL_ENABLE_DEBUG_INFO = YES;
				ONLY_ACTIVE_ARCH = YES;
				SDKROOT = iphoneos;
				SWIFT_OPTIMIZATION_LEVEL = "-Onone";
			};
			name = Debug;
		};
		B66682491C03A39F007A4EFD /* Release */ = {
			isa = XCBuildConfiguration;
			buildSettings = {
				ALWAYS_SEARCH_USER_PATHS = NO;
				CLANG_CXX_LANGUAGE_STANDARD = "gnu++0x";
				CLANG_CXX_LIBRARY = "libc++";
				CLANG_ENABLE_MODULES = YES;
				CLANG_ENABLE_OBJC_ARC = YES;
				CLANG_WARN_BOOL_CONVERSION = YES;
				CLANG_WARN_CONSTANT_CONVERSION = YES;
				CLANG_WARN_DIRECT_OBJC_ISA_USAGE = YES_ERROR;
				CLANG_WARN_EMPTY_BODY = YES;
				CLANG_WARN_ENUM_CONVERSION = YES;
				CLANG_WARN_INT_CONVERSION = YES;
				CLANG_WARN_OBJC_ROOT_CLASS = YES_ERROR;
				CLANG_WARN_UNREACHABLE_CODE = YES;
				CLANG_WARN__DUPLICATE_METHOD_MATCH = YES;
				"CODE_SIGN_IDENTITY[sdk=iphoneos*]" = "iPhone Developer";
				COPY_PHASE_STRIP = NO;
				DEBUG_INFORMATION_FORMAT = "dwarf-with-dsym";
				ENABLE_NS_ASSERTIONS = NO;
				ENABLE_STRICT_OBJC_MSGSEND = YES;
				GCC_C_LANGUAGE_STANDARD = gnu99;
				GCC_NO_COMMON_BLOCKS = YES;
				GCC_WARN_64_TO_32_BIT_CONVERSION = YES;
				GCC_WARN_ABOUT_RETURN_TYPE = YES_ERROR;
				GCC_WARN_UNDECLARED_SELECTOR = YES;
				GCC_WARN_UNINITIALIZED_AUTOS = YES_AGGRESSIVE;
				GCC_WARN_UNUSED_FUNCTION = YES;
				GCC_WARN_UNUSED_VARIABLE = YES;
				IPHONEOS_DEPLOYMENT_TARGET = 9.1;
				MTL_ENABLE_DEBUG_INFO = NO;
				SDKROOT = iphoneos;
				VALIDATE_PRODUCT = YES;
			};
			name = Release;
		};
		B666824B1C03A39F007A4EFD /* Debug */ = {
			isa = XCBuildConfiguration;
			buildSettings = {
				ASSETCATALOG_COMPILER_APPICON_NAME = AppIcon;
				CODE_SIGN_IDENTITY = "iPhone Developer";
				"CODE_SIGN_IDENTITY[sdk=iphoneos*]" = "iPhone Developer";
				INFOPLIST_FILE = AudioPlayer/Info.plist;
				LD_RUNPATH_SEARCH_PATHS = "$(inherited) @executable_path/Frameworks";
				PRODUCT_BUNDLE_IDENTIFIER = tibblesscribbles.com.AudioPlayer;
				PRODUCT_NAME = "$(TARGET_NAME)";
				PROVISIONING_PROFILE = "";
			};
			name = Debug;
		};
		B666824C1C03A39F007A4EFD /* Release */ = {
			isa = XCBuildConfiguration;
			buildSettings = {
				ASSETCATALOG_COMPILER_APPICON_NAME = AppIcon;
				CODE_SIGN_IDENTITY = "iPhone Developer";
				"CODE_SIGN_IDENTITY[sdk=iphoneos*]" = "iPhone Developer";
				INFOPLIST_FILE = AudioPlayer/Info.plist;
				LD_RUNPATH_SEARCH_PATHS = "$(inherited) @executable_path/Frameworks";
				PRODUCT_BUNDLE_IDENTIFIER = tibblesscribbles.com.AudioPlayer;
				PRODUCT_NAME = "$(TARGET_NAME)";
				PROVISIONING_PROFILE = "";
			};
			name = Release;
		};
		B666824E1C03A39F007A4EFD /* Debug */ = {
			isa = XCBuildConfiguration;
			buildSettings = {
				BUNDLE_LOADER = "$(TEST_HOST)";
				INFOPLIST_FILE = AudioPlayerTests/Info.plist;
				LD_RUNPATH_SEARCH_PATHS = "$(inherited) @executable_path/Frameworks @loader_path/Frameworks";
				PRODUCT_BUNDLE_IDENTIFIER = tibblesscribbles.com.AudioPlayerTests;
				PRODUCT_NAME = "$(TARGET_NAME)";
				TEST_HOST = "$(BUILT_PRODUCTS_DIR)/AudioPlayer.app/AudioPlayer";
			};
			name = Debug;
		};
		B666824F1C03A39F007A4EFD /* Release */ = {
			isa = XCBuildConfiguration;
			buildSettings = {
				BUNDLE_LOADER = "$(TEST_HOST)";
				INFOPLIST_FILE = AudioPlayerTests/Info.plist;
				LD_RUNPATH_SEARCH_PATHS = "$(inherited) @executable_path/Frameworks @loader_path/Frameworks";
				PRODUCT_BUNDLE_IDENTIFIER = tibblesscribbles.com.AudioPlayerTests;
				PRODUCT_NAME = "$(TARGET_NAME)";
				TEST_HOST = "$(BUILT_PRODUCTS_DIR)/AudioPlayer.app/AudioPlayer";
			};
			name = Release;
		};
		B66682511C03A39F007A4EFD /* Debug */ = {
			isa = XCBuildConfiguration;
			buildSettings = {
				INFOPLIST_FILE = AudioPlayerUITests/Info.plist;
				LD_RUNPATH_SEARCH_PATHS = "$(inherited) @executable_path/Frameworks @loader_path/Frameworks";
				PRODUCT_BUNDLE_IDENTIFIER = tibblesscribbles.com.AudioPlayerUITests;
				PRODUCT_NAME = "$(TARGET_NAME)";
				TEST_TARGET_NAME = AudioPlayer;
				USES_XCTRUNNER = YES;
			};
			name = Debug;
		};
		B66682521C03A39F007A4EFD /* Release */ = {
			isa = XCBuildConfiguration;
			buildSettings = {
				INFOPLIST_FILE = AudioPlayerUITests/Info.plist;
				LD_RUNPATH_SEARCH_PATHS = "$(inherited) @executable_path/Frameworks @loader_path/Frameworks";
				PRODUCT_BUNDLE_IDENTIFIER = tibblesscribbles.com.AudioPlayerUITests;
				PRODUCT_NAME = "$(TARGET_NAME)";
				TEST_TARGET_NAME = AudioPlayer;
				USES_XCTRUNNER = YES;
			};
			name = Release;
		};
/* End XCBuildConfiguration section */

/* Begin XCConfigurationList section */
		B666821D1C03A39F007A4EFD /* Build configuration list for PBXProject "AudioPlayer" */ = {
			isa = XCConfigurationList;
			buildConfigurations = (
				B66682481C03A39F007A4EFD /* Debug */,
				B66682491C03A39F007A4EFD /* Release */,
			);
			defaultConfigurationIsVisible = 0;
			defaultConfigurationName = Release;
		};
		B666824A1C03A39F007A4EFD /* Build configuration list for PBXNativeTarget "AudioPlayer" */ = {
			isa = XCConfigurationList;
			buildConfigurations = (
				B666824B1C03A39F007A4EFD /* Debug */,
				B666824C1C03A39F007A4EFD /* Release */,
			);
			defaultConfigurationIsVisible = 0;
			defaultConfigurationName = Release;
		};
		B666824D1C03A39F007A4EFD /* Build configuration list for PBXNativeTarget "AudioPlayerTests" */ = {
			isa = XCConfigurationList;
			buildConfigurations = (
				B666824E1C03A39F007A4EFD /* Debug */,
				B666824F1C03A39F007A4EFD /* Release */,
			);
			defaultConfigurationIsVisible = 0;
			defaultConfigurationName = Release;
		};
		B66682501C03A39F007A4EFD /* Build configuration list for PBXNativeTarget "AudioPlayerUITests" */ = {
			isa = XCConfigurationList;
			buildConfigurations = (
				B66682511C03A39F007A4EFD /* Debug */,
				B66682521C03A39F007A4EFD /* Release */,
			);
			defaultConfigurationIsVisible = 0;
			defaultConfigurationName = Release;
		};
/* End XCConfigurationList section */
	};
	rootObject = B666821A1C03A39F007A4EFD /* Project object */;
}
